
Microsoft Visual Studio Solution File, Format Version 12.00
# Visual Studio Version 17
VisualStudioVersion = 17.14.36429.23 d17.14
MinimumVisualStudioVersion = 10.0.40219.1
Project("{FAE04EC0-301F-11D3-BF4B-00C04F79EFBC}") = "DEAXODraw", "DEAXODraw\DEAXODraw.csproj", "{3CA3D671-3F0D-41CC-9867-D78F7E8BAD0F}"
EndProject
Global
	GlobalSection(SolutionConfigurationPlatforms) = preSolution
		Debug|Any CPU = Debug|Any CPU
		Release|Any CPU = Release|Any CPU
	EndGlobalSection
	GlobalSection(ProjectConfigurationPlatforms) = postSolution
		{3CA3D671-3F0D-41CC-9867-D78F7E8BAD0F}.Debug|Any CPU.ActiveCfg = Debug|Any CPU
		{3CA3D671-3F0D-41CC-9867-D78F7E8BAD0F}.Debug|Any CPU.Build.0 = Debug|Any CPU
		{3CA3D671-3F0D-41CC-9867-D78F7E8BAD0F}.Release|Any CPU.ActiveCfg = Release|Any CPU
		{3CA3D671-3F0D-41CC-9867-D78F7E8BAD0F}.Release|Any CPU.Build.0 = Release|Any CPU
	EndGlobalSection
	GlobalSection(SolutionProperties) = preSolution
		HideSolutionNode = FALSE
	EndGlobalSection
	GlobalSection(ExtensibilityGlobals) = postSolution
		SolutionGuid = {D8B51503-8638-4E6D-9C5A-45FD60C30D4C}
	EndGlobalSection
EndGlobal
